// !$*UTF8*$!
{
	archiveVersion = 1;
	classes = {
	};
	objectVersion = 56;
	objects = {

/* Begin PBXBuildFile section */
		8CE257362A61747B003E7779 /* AppDelegate.swift in Sources */ = {isa = PBXBuildFile; fileRef = 8CE257352A61747B003E7779 /* AppDelegate.swift */; };
		8CE257382A61747B003E7779 /* SceneDelegate.swift in Sources */ = {isa = PBXBuildFile; fileRef = 8CE257372A61747B003E7779 /* SceneDelegate.swift */; };
		8CE2573A2A61747B003E7779 /* ViewController.swift in Sources */ = {isa = PBXBuildFile; fileRef = 8CE257392A61747B003E7779 /* ViewController.swift */; };
		8CE2573D2A61747B003E7779 /* Main.storyboard in Resources */ = {isa = PBXBuildFile; fileRef = 8CE2573B2A61747B003E7779 /* Main.storyboard */; };
		8CE2573F2A61747C003E7779 /* Assets.xcassets in Resources */ = {isa = PBXBuildFile; fileRef = 8CE2573E2A61747C003E7779 /* Assets.xcassets */; };
		8CE257422A61747C003E7779 /* LaunchScreen.storyboard in Resources */ = {isa = PBXBuildFile; fileRef = 8CE257402A61747C003E7779 /* LaunchScreen.storyboard */; };
		8CE2574D2A61747C003E7779 /* Slots_AppTests.swift in Sources */ = {isa = PBXBuildFile; fileRef = 8CE2574C2A61747C003E7779 /* Slots_AppTests.swift */; };
		8CE257572A61747C003E7779 /* Slots_AppUITests.swift in Sources */ = {isa = PBXBuildFile; fileRef = 8CE257562A61747C003E7779 /* Slots_AppUITests.swift */; };
		8CE257592A61747C003E7779 /* Slots_AppUITestsLaunchTests.swift in Sources */ = {isa = PBXBuildFile; fileRef = 8CE257582A61747C003E7779 /* Slots_AppUITestsLaunchTests.swift */; };
/* End PBXBuildFile section */

/* Begin PBXContainerItemProxy section */
		8CE257492A61747C003E7779 /* PBXContainerItemProxy */ = {
			isa = PBXContainerItemProxy;
			containerPortal = 8CE2572A2A61747B003E7779 /* Project object */;
			proxyType = 1;
			remoteGlobalIDString = 8CE257312A61747B003E7779;
			remoteInfo = Slots_App;
		};
		8CE257532A61747C003E7779 /* PBXContainerItemProxy */ = {
			isa = PBXContainerItemProxy;
			containerPortal = 8CE2572A2A61747B003E7779 /* Project object */;
			proxyType = 1;
			remoteGlobalIDString = 8CE257312A61747B003E7779;
			remoteInfo = Slots_App;
		};
/* End PBXContainerItemProxy section */

/* Begin PBXFileReference section */
		8CE257322A61747B003E7779 /* Slots_App.app */ = {isa = PBXFileReference; explicitFileType = wrapper.application; includeInIndex = 0; path = Slots_App.app; sourceTree = BUILT_PRODUCTS_DIR; };
		8CE257352A61747B003E7779 /* AppDelegate.swift */ = {isa = PBXFileReference; lastKnownFileType = sourcecode.swift; path = AppDelegate.swift; sourceTree = "<group>"; };
		8CE257372A61747B003E7779 /* SceneDelegate.swift */ = {isa = PBXFileReference; lastKnownFileType = sourcecode.swift; path = SceneDelegate.swift; sourceTree = "<group>"; };
		8CE257392A61747B003E7779 /* ViewController.swift */ = {isa = PBXFileReference; lastKnownFileType = sourcecode.swift; path = ViewController.swift; sourceTree = "<group>"; };
		8CE2573C2A61747B003E7779 /* Base */ = {isa = PBXFileReference; lastKnownFileType = file.storyboard; name = Base; path = Base.lproj/Main.storyboard; sourceTree = "<group>"; };
		8CE2573E2A61747C003E7779 /* Assets.xcassets */ = {isa = PBXFileReference; lastKnownFileType = folder.assetcatalog; path = Assets.xcassets; sourceTree = "<group>"; };
		8CE257412A61747C003E7779 /* Base */ = {isa = PBXFileReference; lastKnownFileType = file.storyboard; name = Base; path = Base.lproj/LaunchScreen.storyboard; sourceTree = "<group>"; };
		8CE257432A61747C003E7779 /* Info.plist */ = {isa = PBXFileReference; lastKnownFileType = text.plist.xml; path = Info.plist; sourceTree = "<group>"; };
		8CE257482A61747C003E7779 /* Slots_AppTests.xctest */ = {isa = PBXFileReference; explicitFileType = wrapper.cfbundle; includeInIndex = 0; path = Slots_AppTests.xctest; sourceTree = BUILT_PRODUCTS_DIR; };
		8CE2574C2A61747C003E7779 /* Slots_AppTests.swift */ = {isa = PBXFileReference; lastKnownFileType = sourcecode.swift; path = Slots_AppTests.swift; sourceTree = "<group>"; };
		8CE257522A61747C003E7779 /* Slots_AppUITests.xctest */ = {isa = PBXFileReference; explicitFileType = wrapper.cfbundle; includeInIndex = 0; path = Slots_AppUITests.xctest; sourceTree = BUILT_PRODUCTS_DIR; };
		8CE257562A61747C003E7779 /* Slots_AppUITests.swift */ = {isa = PBXFileReference; lastKnownFileType = sourcecode.swift; path = Slots_AppUITests.swift; sourceTree = "<group>"; };
		8CE257582A61747C003E7779 /* Slots_AppUITestsLaunchTests.swift */ = {isa = PBXFileReference; lastKnownFileType = sourcecode.swift; path = Slots_AppUITestsLaunchTests.swift; sourceTree = "<group>"; };
/* End PBXFileReference section */

/* Begin PBXFrameworksBuildPhase section */
		8CE2572F2A61747B003E7779 /* Frameworks */ = {
			isa = PBXFrameworksBuildPhase;
			buildActionMask = 2147483647;
			files = (
			);
			runOnlyForDeploymentPostprocessing = 0;
		};
		8CE257452A61747C003E7779 /* Frameworks */ = {
			isa = PBXFrameworksBuildPhase;
			buildActionMask = 2147483647;
			files = (
			);
			runOnlyForDeploymentPostprocessing = 0;
		};
		8CE2574F2A61747C003E7779 /* Frameworks */ = {
			isa = PBXFrameworksBuildPhase;
			buildActionMask = 2147483647;
			files = (
			);
			runOnlyForDeploymentPostprocessing = 0;
		};
/* End PBXFrameworksBuildPhase section */

/* Begin PBXGroup section */
		8CE257292A61747B003E7779 = {
			isa = PBXGroup;
			children = (
				8CE257342A61747B003E7779 /* Slots_App */,
				8CE2574B2A61747C003E7779 /* Slots_AppTests */,
				8CE257552A61747C003E7779 /* Slots_AppUITests */,
				8CE257332A61747B003E7779 /* Products */,
			);
			sourceTree = "<group>";
		};
		8CE257332A61747B003E7779 /* Products */ = {
			isa = PBXGroup;
			children = (
				8CE257322A61747B003E7779 /* Slots_App.app */,
				8CE257482A61747C003E7779 /* Slots_AppTests.xctest */,
				8CE257522A61747C003E7779 /* Slots_AppUITests.xctest */,
			);
			name = Products;
			sourceTree = "<group>";
		};
		8CE257342A61747B003E7779 /* Slots_App */ = {
			isa = PBXGroup;
			children = (
				8CE257352A61747B003E7779 /* AppDelegate.swift */,
				8CE257372A61747B003E7779 /* SceneDelegate.swift */,
				8CE257392A61747B003E7779 /* ViewController.swift */,
				8CE2573B2A61747B003E7779 /* Main.storyboard */,
				8CE2573E2A61747C003E7779 /* Assets.xcassets */,
				8CE257402A61747C003E7779 /* LaunchScreen.storyboard */,
				8CE257432A61747C003E7779 /* Info.plist */,
			);
			path = Slots_App;
			sourceTree = "<group>";
		};
		8CE2574B2A61747C003E7779 /* Slots_AppTests */ = {
			isa = PBXGroup;
			children = (
				8CE2574C2A61747C003E7779 /* Slots_AppTests.swift */,
			);
			path = Slots_AppTests;
			sourceTree = "<group>";
		};
		8CE257552A61747C003E7779 /* Slots_AppUITests */ = {
			isa = PBXGroup;
			children = (
				8CE257562A61747C003E7779 /* Slots_AppUITests.swift */,
				8CE257582A61747C003E7779 /* Slots_AppUITestsLaunchTests.swift */,
			);
			path = Slots_AppUITests;
			sourceTree = "<group>";
		};
/* End PBXGroup section */

/* Begin PBXNativeTarget section */
		8CE257312A61747B003E7779 /* Slots_App */ = {
			isa = PBXNativeTarget;
			buildConfigurationList = 8CE2575C2A61747C003E7779 /* Build configuration list for PBXNativeTarget "Slots_App" */;
			buildPhases = (
				8CE2572E2A61747B003E7779 /* Sources */,
				8CE2572F2A61747B003E7779 /* Frameworks */,
				8CE257302A61747B003E7779 /* Resources */,
			);
			buildRules = (
			);
			dependencies = (
			);
			name = Slots_App;
			productName = Slots_App;
			productReference = 8CE257322A61747B003E7779 /* Slots_App.app */;
			productType = "com.apple.product-type.application";
		};
		8CE257472A61747C003E7779 /* Slots_AppTests */ = {
			isa = PBXNativeTarget;
			buildConfigurationList = 8CE2575F2A61747C003E7779 /* Build configuration list for PBXNativeTarget "Slots_AppTests" */;
			buildPhases = (
				8CE257442A61747C003E7779 /* Sources */,
				8CE257452A61747C003E7779 /* Frameworks */,
				8CE257462A61747C003E7779 /* Resources */,
			);
			buildRules = (
			);
			dependencies = (
				8CE2574A2A61747C003E7779 /* PBXTargetDependency */,
			);
			name = Slots_AppTests;
			productName = Slots_AppTests;
			productReference = 8CE257482A61747C003E7779 /* Slots_AppTests.xctest */;
			productType = "com.apple.product-type.bundle.unit-test";
		};
		8CE257512A61747C003E7779 /* Slots_AppUITests */ = {
			isa = PBXNativeTarget;
			buildConfigurationList = 8CE257622A61747C003E7779 /* Build configuration list for PBXNativeTarget "Slots_AppUITests" */;
			buildPhases = (
				8CE2574E2A61747C003E7779 /* Sources */,
				8CE2574F2A61747C003E7779 /* Frameworks */,
				8CE257502A61747C003E7779 /* Resources */,
			);
			buildRules = (
			);
			dependencies = (
				8CE257542A61747C003E7779 /* PBXTargetDependency */,
			);
			name = Slots_AppUITests;
			productName = Slots_AppUITests;
			productReference = 8CE257522A61747C003E7779 /* Slots_AppUITests.xctest */;
			productType = "com.apple.product-type.bundle.ui-testing";
		};
/* End PBXNativeTarget section */

/* Begin PBXProject section */
		8CE2572A2A61747B003E7779 /* Project object */ = {
			isa = PBXProject;
			attributes = {
				BuildIndependentTargetsInParallel = 1;
				LastSwiftUpdateCheck = 1430;
				LastUpgradeCheck = 1430;
				TargetAttributes = {
					8CE257312A61747B003E7779 = {
						CreatedOnToolsVersion = 14.3.1;
					};
					8CE257472A61747C003E7779 = {
						CreatedOnToolsVersion = 14.3.1;
						TestTargetID = 8CE257312A61747B003E7779;
					};
					8CE257512A61747C003E7779 = {
						CreatedOnToolsVersion = 14.3.1;
						TestTargetID = 8CE257312A61747B003E7779;
					};
				};
			};
			buildConfigurationList = 8CE2572D2A61747B003E7779 /* Build configuration list for PBXProject "Slots_App" */;
			compatibilityVersion = "Xcode 14.0";
			developmentRegion = en;
			hasScannedForEncodings = 0;
			knownRegions = (
				en,
				Base,
			);
			mainGroup = 8CE257292A61747B003E7779;
			productRefGroup = 8CE257332A61747B003E7779 /* Products */;
			projectDirPath = "";
			projectRoot = "";
			targets = (
				8CE257312A61747B003E7779 /* Slots_App */,
				8CE257472A61747C003E7779 /* Slots_AppTests */,
				8CE257512A61747C003E7779 /* Slots_AppUITests */,
			);
		};
/* End PBXProject section */

/* Begin PBXResourcesBuildPhase section */
		8CE257302A61747B003E7779 /* Resources */ = {
			isa = PBXResourcesBuildPhase;
			buildActionMask = 2147483647;
			files = (
				8CE257422A61747C003E7779 /* LaunchScreen.storyboard in Resources */,
				8CE2573F2A61747C003E7779 /* Assets.xcassets in Resources */,
				8CE2573D2A61747B003E7779 /* Main.storyboard in Resources */,
			);
			runOnlyForDeploymentPostprocessing = 0;
		};
		8CE257462A61747C003E7779 /* Resources */ = {
			isa = PBXResourcesBuildPhase;
			buildActionMask = 2147483647;
			files = (
			);
			runOnlyForDeploymentPostprocessing = 0;
		};
		8CE257502A61747C003E7779 /* Resources */ = {
			isa = PBXResourcesBuildPhase;
			buildActionMask = 2147483647;
			files = (
			);
			runOnlyForDeploymentPostprocessing = 0;
		};
/* End PBXResourcesBuildPhase section */

/* Begin PBXSourcesBuildPhase section */
		8CE2572E2A61747B003E7779 /* Sources */ = {
			isa = PBXSourcesBuildPhase;
			buildActionMask = 2147483647;
			files = (
				8CE2573A2A61747B003E7779 /* ViewController.swift in Sources */,
				8CE257362A61747B003E7779 /* AppDelegate.swift in Sources */,
				8CE257382A61747B003E7779 /* SceneDelegate.swift in Sources */,
			);
			runOnlyForDeploymentPostprocessing = 0;
		};
		8CE257442A61747C003E7779 /* Sources */ = {
			isa = PBXSourcesBuildPhase;
			buildActionMask = 2147483647;
			files = (
				8CE2574D2A61747C003E7779 /* Slots_AppTests.swift in Sources */,
			);
			runOnlyForDeploymentPostprocessing = 0;
		};
		8CE2574E2A61747C003E7779 /* Sources */ = {
			isa = PBXSourcesBuildPhase;
			buildActionMask = 2147483647;
			files = (
				8CE257592A61747C003E7779 /* Slots_AppUITestsLaunchTests.swift in Sources */,
				8CE257572A61747C003E7779 /* Slots_AppUITests.swift in Sources */,
			);
			runOnlyForDeploymentPostprocessing = 0;
		};
/* End PBXSourcesBuildPhase section */

/* Begin PBXTargetDependency section */
		8CE2574A2A61747C003E7779 /* PBXTargetDependency */ = {
			isa = PBXTargetDependency;
			target = 8CE257312A61747B003E7779 /* Slots_App */;
			targetProxy = 8CE257492A61747C003E7779 /* PBXContainerItemProxy */;
		};
		8CE257542A61747C003E7779 /* PBXTargetDependency */ = {
			isa = PBXTargetDependency;
			target = 8CE257312A61747B003E7779 /* Slots_App */;
			targetProxy = 8CE257532A61747C003E7779 /* PBXContainerItemProxy */;
		};
/* End PBXTargetDependency section */

/* Begin PBXVariantGroup section */
		8CE2573B2A61747B003E7779 /* Main.storyboard */ = {
			isa = PBXVariantGroup;
			children = (
				8CE2573C2A61747B003E7779 /* Base */,
			);
			name = Main.storyboard;
			sourceTree = "<group>";
		};
		8CE257402A61747C003E7779 /* LaunchScreen.storyboard */ = {
			isa = PBXVariantGroup;
			children = (
				8CE257412A61747C003E7779 /* Base */,
			);
			name = LaunchScreen.storyboard;
			sourceTree = "<group>";
		};
/* End PBXVariantGroup section */

/* Begin XCBuildConfiguration section */
		8CE2575A2A61747C003E7779 /* Debug */ = {
			isa = XCBuildConfiguration;
			buildSettings = {
				ALWAYS_SEARCH_USER_PATHS = NO;
				CLANG_ANALYZER_NONNULL = YES;
				CLANG_ANALYZER_NUMBER_OBJECT_CONVERSION = YES_AGGRESSIVE;
				CLANG_CXX_LANGUAGE_STANDARD = "gnu++20";
				CLANG_ENABLE_MODULES = YES;
				CLANG_ENABLE_OBJC_ARC = YES;
				CLANG_ENABLE_OBJC_WEAK = YES;
				CLANG_WARN_BLOCK_CAPTURE_AUTORELEASING = YES;
				CLANG_WARN_BOOL_CONVERSION = YES;
				CLANG_WARN_COMMA = YES;
				CLANG_WARN_CONSTANT_CONVERSION = YES;
				CLANG_WARN_DEPRECATED_OBJC_IMPLEMENTATIONS = YES;
				CLANG_WARN_DIRECT_OBJC_ISA_USAGE = YES_ERROR;
				CLANG_WARN_DOCUMENTATION_COMMENTS = YES;
				CLANG_WARN_EMPTY_BODY = YES;
				CLANG_WARN_ENUM_CONVERSION = YES;
				CLANG_WARN_INFINITE_RECURSION = YES;
				CLANG_WARN_INT_CONVERSION = YES;
				CLANG_WARN_NON_LITERAL_NULL_CONVERSION = YES;
				CLANG_WARN_OBJC_IMPLICIT_RETAIN_SELF = YES;
				CLANG_WARN_OBJC_LITERAL_CONVERSION = YES;
				CLANG_WARN_OBJC_ROOT_CLASS = YES_ERROR;
				CLANG_WARN_QUOTED_INCLUDE_IN_FRAMEWORK_HEADER = YES;
				CLANG_WARN_RANGE_LOOP_ANALYSIS = YES;
				CLANG_WARN_STRICT_PROTOTYPES = YES;
				CLANG_WARN_SUSPICIOUS_MOVE = YES;
				CLANG_WARN_UNGUARDED_AVAILABILITY = YES_AGGRESSIVE;
				CLANG_WARN_UNREACHABLE_CODE = YES;
				CLANG_WARN__DUPLICATE_METHOD_MATCH = YES;
				COPY_PHASE_STRIP = NO;
				DEBUG_INFORMATION_FORMAT = dwarf;
				ENABLE_STRICT_OBJC_MSGSEND = YES;
				ENABLE_TESTABILITY = YES;
				GCC_C_LANGUAGE_STANDARD = gnu11;
				GCC_DYNAMIC_NO_PIC = NO;
				GCC_NO_COMMON_BLOCKS = YES;
				GCC_OPTIMIZATION_LEVEL = 0;
				GCC_PREPROCESSOR_DEFINITIONS = (
					"DEBUG=1",
					"$(inherited)",
				);
				GCC_WARN_64_TO_32_BIT_CONVERSION = YES;
				GCC_WARN_ABOUT_RETURN_TYPE = YES_ERROR;
				GCC_WARN_UNDECLARED_SELECTOR = YES;
				GCC_WARN_UNINITIALIZED_AUTOS = YES_AGGRESSIVE;
				GCC_WARN_UNUSED_FUNCTION = YES;
				GCC_WARN_UNUSED_VARIABLE = YES;
				IPHONEOS_DEPLOYMENT_TARGET = 16.4;
				MTL_ENABLE_DEBUG_INFO = INCLUDE_SOURCE;
				MTL_FAST_MATH = YES;
				ONLY_ACTIVE_ARCH = YES;
				SDKROOT = iphoneos;
				SWIFT_ACTIVE_COMPILATION_CONDITIONS = DEBUG;
				SWIFT_OPTIMIZATION_LEVEL = "-Onone";
			};
			name = Debug;
		};
		8CE2575B2A61747C003E7779 /* Release */ = {
			isa = XCBuildConfiguration;
			buildSettings = {
				ALWAYS_SEARCH_USER_PATHS = NO;
				CLANG_ANALYZER_NONNULL = YES;
				CLANG_ANALYZER_NUMBER_OBJECT_CONVERSION = YES_AGGRESSIVE;
				CLANG_CXX_LANGUAGE_STANDARD = "gnu++20";
				CLANG_ENABLE_MODULES = YES;
				CLANG_ENABLE_OBJC_ARC = YES;
				CLANG_ENABLE_OBJC_WEAK = YES;
				CLANG_WARN_BLOCK_CAPTURE_AUTORELEASING = YES;
				CLANG_WARN_BOOL_CONVERSION = YES;
				CLANG_WARN_COMMA = YES;
				CLANG_WARN_CONSTANT_CONVERSION = YES;
				CLANG_WARN_DEPRECATED_OBJC_IMPLEMENTATIONS = YES;
				CLANG_WARN_DIRECT_OBJC_ISA_USAGE = YES_ERROR;
				CLANG_WARN_DOCUMENTATION_COMMENTS = YES;
				CLANG_WARN_EMPTY_BODY = YES;
				CLANG_WARN_ENUM_CONVERSION = YES;
				CLANG_WARN_INFINITE_RECURSION = YES;
				CLANG_WARN_INT_CONVERSION = YES;
				CLANG_WARN_NON_LITERAL_NULL_CONVERSION = YES;
				CLANG_WARN_OBJC_IMPLICIT_RETAIN_SELF = YES;
				CLANG_WARN_OBJC_LITERAL_CONVERSION = YES;
				CLANG_WARN_OBJC_ROOT_CLASS = YES_ERROR;
				CLANG_WARN_QUOTED_INCLUDE_IN_FRAMEWORK_HEADER = YES;
				CLANG_WARN_RANGE_LOOP_ANALYSIS = YES;
				CLANG_WARN_STRICT_PROTOTYPES = YES;
				CLANG_WARN_SUSPICIOUS_MOVE = YES;
				CLANG_WARN_UNGUARDED_AVAILABILITY = YES_AGGRESSIVE;
				CLANG_WARN_UNREACHABLE_CODE = YES;
				CLANG_WARN__DUPLICATE_METHOD_MATCH = YES;
				COPY_PHASE_STRIP = NO;
				DEBUG_INFORMATION_FORMAT = "dwarf-with-dsym";
				ENABLE_NS_ASSERTIONS = NO;
				ENABLE_STRICT_OBJC_MSGSEND = YES;
				GCC_C_LANGUAGE_STANDARD = gnu11;
				GCC_NO_COMMON_BLOCKS = YES;
				GCC_WARN_64_TO_32_BIT_CONVERSION = YES;
				GCC_WARN_ABOUT_RETURN_TYPE = YES_ERROR;
				GCC_WARN_UNDECLARED_SELECTOR = YES;
				GCC_WARN_UNINITIALIZED_AUTOS = YES_AGGRESSIVE;
				GCC_WARN_UNUSED_FUNCTION = YES;
				GCC_WARN_UNUSED_VARIABLE = YES;
				IPHONEOS_DEPLOYMENT_TARGET = 16.4;
				MTL_ENABLE_DEBUG_INFO = NO;
				MTL_FAST_MATH = YES;
				SDKROOT = iphoneos;
				SWIFT_COMPILATION_MODE = wholemodule;
				SWIFT_OPTIMIZATION_LEVEL = "-O";
				VALIDATE_PRODUCT = YES;
			};
			name = Release;
		};
		8CE2575D2A61747C003E7779 /* Debug */ = {
			isa = XCBuildConfiguration;
			buildSettings = {
				ASSETCATALOG_COMPILER_APPICON_NAME = AppIcon;
				ASSETCATALOG_COMPILER_GLOBAL_ACCENT_COLOR_NAME = AccentColor;
				ASSETCATALOG_COMPILER_INCLUDE_ALL_APPICON_ASSETS = YES;
				CODE_SIGN_STYLE = Automatic;
				CURRENT_PROJECT_VERSION = 1;
				GENERATE_INFOPLIST_FILE = YES;
				INFOPLIST_FILE = Slots_App/Info.plist;
				INFOPLIST_KEY_UIApplicationSupportsIndirectInputEvents = YES;
				INFOPLIST_KEY_UILaunchStoryboardName = LaunchScreen;
				INFOPLIST_KEY_UIMainStoryboardFile = Main;
				INFOPLIST_KEY_UISupportedInterfaceOrientations_iPad = "UIInterfaceOrientationPortrait UIInterfaceOrientationPortraitUpsideDown UIInterfaceOrientationLandscapeLeft UIInterfaceOrientationLandscapeRight";
				INFOPLIST_KEY_UISupportedInterfaceOrientations_iPhone = "UIInterfaceOrientationPortrait UIInterfaceOrientationLandscapeLeft UIInterfaceOrientationLandscapeRight";
				LD_RUNPATH_SEARCH_PATHS = (
					"$(inherited)",
					"@executable_path/Frameworks",
				);
				MARKETING_VERSION = 1.0;
				PRODUCT_BUNDLE_IDENTIFIER = "nsk.Slots-App";
				PRODUCT_NAME = "$(TARGET_NAME)";
				SWIFT_EMIT_LOC_STRINGS = YES;
				SWIFT_VERSION = 5.0;
				TARGETED_DEVICE_FAMILY = "1,2";
			};
			name = Debug;
		};
		8CE2575E2A61747C003E7779 /* Release */ = {
			isa = XCBuildConfiguration;
			buildSettings = {
				ASSETCATALOG_COMPILER_APPICON_NAME = AppIcon;
				ASSETCATALOG_COMPILER_GLOBAL_ACCENT_COLOR_NAME = AccentColor;
				ASSETCATALOG_COMPILER_INCLUDE_ALL_APPICON_ASSETS = YES;
				CODE_SIGN_STYLE = Automatic;
				CURRENT_PROJECT_VERSION = 1;
				GENERATE_INFOPLIST_FILE = YES;
				INFOPLIST_FILE = Slots_App/Info.plist;
				INFOPLIST_KEY_UIApplicationSupportsIndirectInputEvents = YES;
				INFOPLIST_KEY_UILaunchStoryboardName = LaunchScreen;
				INFOPLIST_KEY_UIMainStoryboardFile = Main;
				INFOPLIST_KEY_UISupportedInterfaceOrientations_iPad = "UIInterfaceOrientationPortrait UIInterfaceOrientationPortraitUpsideDown UIInterfaceOrientationLandscapeLeft UIInterfaceOrientationLandscapeRight";
				INFOPLIST_KEY_UISupportedInterfaceOrientations_iPhone = "UIInterfaceOrientationPortrait UIInterfaceOrientationLandscapeLeft UIInterfaceOrientationLandscapeRight";
				LD_RUNPATH_SEARCH_PATHS = (
					"$(inherited)",
					"@executable_path/Frameworks",
				);
				MARKETING_VERSION = 1.0;
				PRODUCT_BUNDLE_IDENTIFIER = "nsk.Slots-App";
				PRODUCT_NAME = "$(TARGET_NAME)";
				SWIFT_EMIT_LOC_STRINGS = YES;
				SWIFT_VERSION = 5.0;
				TARGETED_DEVICE_FAMILY = "1,2";
			};
			name = Release;
		};
		8CE257602A61747C003E7779 /* Debug */ = {
			isa = XCBuildConfiguration;
			buildSettings = {
				ALWAYS_EMBED_SWIFT_STANDARD_LIBRARIES = YES;
				BUNDLE_LOADER = "$(TEST_HOST)";
				CODE_SIGN_STYLE = Automatic;
				CURRENT_PROJECT_VERSION = 1;
				GENERATE_INFOPLIST_FILE = YES;
				IPHONEOS_DEPLOYMENT_TARGET = 16.4;
				MARKETING_VERSION = 1.0;
				PRODUCT_BUNDLE_IDENTIFIER = "nsk.Slots-AppTests";
				PRODUCT_NAME = "$(TARGET_NAME)";
				SWIFT_EMIT_LOC_STRINGS = NO;
				SWIFT_VERSION = 5.0;
				TARGETED_DEVICE_FAMILY = "1,2";
				TEST_HOST = "$(BUILT_PRODUCTS_DIR)/Slots_App.app/$(BUNDLE_EXECUTABLE_FOLDER_PATH)/Slots_App";
			};
			name = Debug;
		};
		8CE257612A61747C003E7779 /* Release */ = {
			isa = XCBuildConfiguration;
			buildSettings = {
				ALWAYS_EMBED_SWIFT_STANDARD_LIBRARIES = YES;
				BUNDLE_LOADER = "$(TEST_HOST)";
				CODE_SIGN_STYLE = Automatic;
				CURRENT_PROJECT_VERSION = 1;
				GENERATE_INFOPLIST_FILE = YES;
				IPHONEOS_DEPLOYMENT_TARGET = 16.4;
				MARKETING_VERSION = 1.0;
				PRODUCT_BUNDLE_IDENTIFIER = "nsk.Slots-AppTests";
				PRODUCT_NAME = "$(TARGET_NAME)";
				SWIFT_EMIT_LOC_STRINGS = NO;
				SWIFT_VERSION = 5.0;
				TARGETED_DEVICE_FAMILY = "1,2";
				TEST_HOST = "$(BUILT_PRODUCTS_DIR)/Slots_App.app/$(BUNDLE_EXECUTABLE_FOLDER_PATH)/Slots_App";
			};
			name = Release;
		};
		8CE257632A61747C003E7779 /* Debug */ = {
			isa = XCBuildConfiguration;
			buildSettings = {
				ALWAYS_EMBED_SWIFT_STANDARD_LIBRARIES = YES;
				CODE_SIGN_STYLE = Automatic;
				CURRENT_PROJECT_VERSION = 1;
				GENERATE_INFOPLIST_FILE = YES;
				MARKETING_VERSION = 1.0;
				PRODUCT_BUNDLE_IDENTIFIER = "nsk.Slots-AppUITests";
				PRODUCT_NAME = "$(TARGET_NAME)";
				SWIFT_EMIT_LOC_STRINGS = NO;
				SWIFT_VERSION = 5.0;
				TARGETED_DEVICE_FAMILY = "1,2";
				TEST_TARGET_NAME = Slots_App;
			};
			name = Debug;
		};
		8CE257642A61747C003E7779 /* Release */ = {
			isa = XCBuildConfiguration;
			buildSettings = {
				ALWAYS_EMBED_SWIFT_STANDARD_LIBRARIES = YES;
				CODE_SIGN_STYLE = Automatic;
				CURRENT_PROJECT_VERSION = 1;
				GENERATE_INFOPLIST_FILE = YES;
				MARKETING_VERSION = 1.0;
				PRODUCT_BUNDLE_IDENTIFIER = "nsk.Slots-AppUITests";
				PRODUCT_NAME = "$(TARGET_NAME)";
				SWIFT_EMIT_LOC_STRINGS = NO;
				SWIFT_VERSION = 5.0;
				TARGETED_DEVICE_FAMILY = "1,2";
				TEST_TARGET_NAME = Slots_App;
			};
			name = Release;
		};
/* End XCBuildConfiguration section */

/* Begin XCConfigurationList section */
		8CE2572D2A61747B003E7779 /* Build configuration list for PBXProject "Slots_App" */ = {
			isa = XCConfigurationList;
			buildConfigurations = (
				8CE2575A2A61747C003E7779 /* Debug */,
				8CE2575B2A61747C003E7779 /* Release */,
			);
			defaultConfigurationIsVisible = 0;
			defaultConfigurationName = Release;
		};
		8CE2575C2A61747C003E7779 /* Build configuration list for PBXNativeTarget "Slots_App" */ = {
			isa = XCConfigurationList;
			buildConfigurations = (
				8CE2575D2A61747C003E7779 /* Debug */,
				8CE2575E2A61747C003E7779 /* Release */,
			);
			defaultConfigurationIsVisible = 0;
			defaultConfigurationName = Release;
		};
		8CE2575F2A61747C003E7779 /* Build configuration list for PBXNativeTarget "Slots_AppTests" */ = {
			isa = XCConfigurationList;
			buildConfigurations = (
				8CE257602A61747C003E7779 /* Debug */,
				8CE257612A61747C003E7779 /* Release */,
			);
			defaultConfigurationIsVisible = 0;
			defaultConfigurationName = Release;
		};
		8CE257622A61747C003E7779 /* Build configuration list for PBXNativeTarget "Slots_AppUITests" */ = {
			isa = XCConfigurationList;
			buildConfigurations = (
				8CE257632A61747C003E7779 /* Debug */,
				8CE257642A61747C003E7779 /* Release */,
			);
			defaultConfigurationIsVisible = 0;
			defaultConfigurationName = Release;
		};
/* End XCConfigurationList section */
	};
	rootObject = 8CE2572A2A61747B003E7779 /* Project object */;
}
